cookbook 'apt', :locked_version => '1.9.0'
cookbook 'unattended_upgrades', :locked_version => '0.0.2'
cookbook 'bootstrap', :path => './site-cookbooks/bootstrap'
cookbook 'rbenv', :locked_version => '1.4.1'
cookbook 'monit', :locked_version => '0.7.0'
cookbook 'ntp', :locked_version => '1.3.2'
cookbook 'build-essential', :locked_version => '1.3.4'
cookbook 'vim', :locked_version => '1.0.2'
cookbook 'ufw', :git => 'https://github.com/opscode-cookbooks/ufw.git', :ref => 'bc7530f480840f400f27bd68db3725bb06d27c0d'
cookbook 'openssh', :locked_version => '1.1.4'
cookbook 'sudo', :locked_version => '2.0.4'
cookbook 'postfix', :locked_version => '2.1.4'
cookbook 'nginx', :locked_version => '1.4.0'
cookbook 'nodejs', :locked_version => '1.1.1'
cookbook 'npm', :locked_version => '0.1.1'
cookbook 'unicorn', :locked_version => '1.2.2'
cookbook 'mongodb', :git => 'https://github.com/edelight/chef-mongodb.git', :ref => 'ce35aef9ba52106ddb0a97d52caf98324e672174'
cookbook 'logrotate', :locked_version => '1.2.0'
cookbook 'phantomjs', :locked_version => '0.0.10'
cookbook 'fail2ban', :locked_version => '1.2.0'
cookbook 'user', :locked_version => '0.3.0'
cookbook 'git', :locked_version => '2.3.0'
cookbook 'dmg', :locked_version => '1.1.0'
cookbook 'yum', :locked_version => '2.2.0'
cookbook 'windows', :locked_version => '1.8.4'
cookbook 'chef_handler', :locked_version => '1.1.4'
cookbook 'runit', :locked_version => '1.0.6'
cookbook 'ohai', :locked_version => '1.1.8'
cookbook 'firewall', :locked_version => '0.10.2'
cookbook 'bluepill', :locked_version => '2.2.2'
cookbook 'rsyslog', :locked_version => '1.5.0'